
Microsoft Visual Studio Solution File, Format Version 12.00
# Visual Studio Version 17
VisualStudioVersion = 17.9.34723.18
MinimumVisualStudioVersion = 10.0.40219.1
Project("{FAE04EC0-301F-11D3-BF4B-00C04F79EFBC}") = "Курсовая работа Магазин", "Курсовая работа Магазин\Курсовая работа Магазин.csproj", "{1FE84F89-9995-407B-88B7-9E692FE6CE2B}"
EndProject
Global
	GlobalSection(SolutionConfigurationPlatforms) = preSolution
		Debug|Any CPU = Debug|Any CPU
		Release|Any CPU = Release|Any CPU
	EndGlobalSection
	GlobalSection(ProjectConfigurationPlatforms) = postSolution
		{1FE84F89-9995-407B-88B7-9E692FE6CE2B}.Debug|Any CPU.ActiveCfg = Debug|Any CPU
		{1FE84F89-9995-407B-88B7-9E692FE6CE2B}.Debug|Any CPU.Build.0 = Debug|Any CPU
		{1FE84F89-9995-407B-88B7-9E692FE6CE2B}.Release|Any CPU.ActiveCfg = Release|Any CPU
		{1FE84F89-9995-407B-88B7-9E692FE6CE2B}.Release|Any CPU.Build.0 = Release|Any CPU
	EndGlobalSection
	GlobalSection(SolutionProperties) = preSolution
		HideSolutionNode = FALSE
	EndGlobalSection
	GlobalSection(ExtensibilityGlobals) = postSolution
		SolutionGuid = {359868FF-335F-4A6F-A76F-86F60314628B}
	EndGlobalSection
EndGlobal
